// !$*UTF8*$!
{
	archiveVersion = 1;
	classes = {
	};
	objectVersion = 55;
	objects = {

/* Begin PBXBuildFile section */
		3CFC956E2701CB4400360942 /* AppDelegate.swift in Sources */ = {isa = PBXBuildFile; fileRef = 3CFC956D2701CB4400360942 /* AppDelegate.swift */; };
		3CFC95702701CB4400360942 /* SceneDelegate.swift in Sources */ = {isa = PBXBuildFile; fileRef = 3CFC956F2701CB4400360942 /* SceneDelegate.swift */; };
		3CFC95722701CB4400360942 /* ViewController.swift in Sources */ = {isa = PBXBuildFile; fileRef = 3CFC95712701CB4400360942 /* ViewController.swift */; };
		3CFC95752701CB4400360942 /* Main.storyboard in Resources */ = {isa = PBXBuildFile; fileRef = 3CFC95732701CB4400360942 /* Main.storyboard */; };
		3CFC95772701CB4500360942 /* Assets.xcassets in Resources */ = {isa = PBXBuildFile; fileRef = 3CFC95762701CB4500360942 /* Assets.xcassets */; };
		3CFC957A2701CB4500360942 /* LaunchScreen.storyboard in Resources */ = {isa = PBXBuildFile; fileRef = 3CFC95782701CB4500360942 /* LaunchScreen.storyboard */; };
		3CFC95942701CB7500360942 /* UniqueIdentifiable.swift in Sources */ = {isa = PBXBuildFile; fileRef = 3CFC95822701CB7500360942 /* UniqueIdentifiable.swift */; };
		3CFC95952701CB7500360942 /* ModuleBuilder.swift in Sources */ = {isa = PBXBuildFile; fileRef = 3CFC95832701CB7500360942 /* ModuleBuilder.swift */; };
		3CFC95962701CB7500360942 /* loginInteractor.swift in Sources */ = {isa = PBXBuildFile; fileRef = 3CFC95852701CB7500360942 /* loginInteractor.swift */; };
		3CFC95972701CB7500360942 /* loginProvider.swift in Sources */ = {isa = PBXBuildFile; fileRef = 3CFC95872701CB7500360942 /* loginProvider.swift */; };
		3CFC95982701CB7500360942 /* loginService.swift in Sources */ = {isa = PBXBuildFile; fileRef = 3CFC95882701CB7500360942 /* loginService.swift */; };
		3CFC95992701CB7500360942 /* loginDataStore.swift in Sources */ = {isa = PBXBuildFile; fileRef = 3CFC95892701CB7500360942 /* loginDataStore.swift */; };
		3CFC959A2701CB7500360942 /* loginDataFlow.swift in Sources */ = {isa = PBXBuildFile; fileRef = 3CFC958A2701CB7500360942 /* loginDataFlow.swift */; };
		3CFC959B2701CB7500360942 /* loginModel.swift in Sources */ = {isa = PBXBuildFile; fileRef = 3CFC958C2701CB7500360942 /* loginModel.swift */; };
		3CFC959C2701CB7500360942 /* CredentialsModel.swift in Sources */ = {isa = PBXBuildFile; fileRef = 3CFC958D2701CB7500360942 /* CredentialsModel.swift */; };
		3CFC959D2701CB7500360942 /* loginView.swift in Sources */ = {isa = PBXBuildFile; fileRef = 3CFC958F2701CB7500360942 /* loginView.swift */; };
		3CFC959E2701CB7500360942 /* loginErrorView.swift in Sources */ = {isa = PBXBuildFile; fileRef = 3CFC95902701CB7500360942 /* loginErrorView.swift */; };
		3CFC959F2701CB7500360942 /* loginViewController.swift in Sources */ = {isa = PBXBuildFile; fileRef = 3CFC95912701CB7500360942 /* loginViewController.swift */; };
		3CFC95A02701CB7500360942 /* loginPresenter.swift in Sources */ = {isa = PBXBuildFile; fileRef = 3CFC95922701CB7500360942 /* loginPresenter.swift */; };
		3CFC95A12701CB7500360942 /* loginBuilder.swift in Sources */ = {isa = PBXBuildFile; fileRef = 3CFC95932701CB7500360942 /* loginBuilder.swift */; };
/* End PBXBuildFile section */

/* Begin PBXFileReference section */
		3CFC956A2701CB4400360942 /* CleanSwiftLoginPage.app */ = {isa = PBXFileReference; explicitFileType = wrapper.application; includeInIndex = 0; path = CleanSwiftLoginPage.app; sourceTree = BUILT_PRODUCTS_DIR; };
		3CFC956D2701CB4400360942 /* AppDelegate.swift */ = {isa = PBXFileReference; lastKnownFileType = sourcecode.swift; path = AppDelegate.swift; sourceTree = "<group>"; };
		3CFC956F2701CB4400360942 /* SceneDelegate.swift */ = {isa = PBXFileReference; lastKnownFileType = sourcecode.swift; path = SceneDelegate.swift; sourceTree = "<group>"; };
		3CFC95712701CB4400360942 /* ViewController.swift */ = {isa = PBXFileReference; lastKnownFileType = sourcecode.swift; path = ViewController.swift; sourceTree = "<group>"; };
		3CFC95742701CB4400360942 /* Base */ = {isa = PBXFileReference; lastKnownFileType = file.storyboard; name = Base; path = Base.lproj/Main.storyboard; sourceTree = "<group>"; };
		3CFC95762701CB4500360942 /* Assets.xcassets */ = {isa = PBXFileReference; lastKnownFileType = folder.assetcatalog; path = Assets.xcassets; sourceTree = "<group>"; };
		3CFC95792701CB4500360942 /* Base */ = {isa = PBXFileReference; lastKnownFileType = file.storyboard; name = Base; path = Base.lproj/LaunchScreen.storyboard; sourceTree = "<group>"; };
		3CFC957B2701CB4500360942 /* Info.plist */ = {isa = PBXFileReference; lastKnownFileType = text.plist.xml; path = Info.plist; sourceTree = "<group>"; };
		3CFC95822701CB7500360942 /* UniqueIdentifiable.swift */ = {isa = PBXFileReference; fileEncoding = 4; lastKnownFileType = sourcecode.swift; path = UniqueIdentifiable.swift; sourceTree = "<group>"; };
		3CFC95832701CB7500360942 /* ModuleBuilder.swift */ = {isa = PBXFileReference; fileEncoding = 4; lastKnownFileType = sourcecode.swift; path = ModuleBuilder.swift; sourceTree = "<group>"; };
		3CFC95852701CB7500360942 /* loginInteractor.swift */ = {isa = PBXFileReference; fileEncoding = 4; lastKnownFileType = sourcecode.swift; path = loginInteractor.swift; sourceTree = "<group>"; };
		3CFC95872701CB7500360942 /* loginProvider.swift */ = {isa = PBXFileReference; fileEncoding = 4; lastKnownFileType = sourcecode.swift; path = loginProvider.swift; sourceTree = "<group>"; };
		3CFC95882701CB7500360942 /* loginService.swift */ = {isa = PBXFileReference; fileEncoding = 4; lastKnownFileType = sourcecode.swift; path = loginService.swift; sourceTree = "<group>"; };
		3CFC95892701CB7500360942 /* loginDataStore.swift */ = {isa = PBXFileReference; fileEncoding = 4; lastKnownFileType = sourcecode.swift; path = loginDataStore.swift; sourceTree = "<group>"; };
		3CFC958A2701CB7500360942 /* loginDataFlow.swift */ = {isa = PBXFileReference; fileEncoding = 4; lastKnownFileType = sourcecode.swift; path = loginDataFlow.swift; sourceTree = "<group>"; };
		3CFC958C2701CB7500360942 /* loginModel.swift */ = {isa = PBXFileReference; fileEncoding = 4; lastKnownFileType = sourcecode.swift; path = loginModel.swift; sourceTree = "<group>"; };
		3CFC958D2701CB7500360942 /* CredentialsModel.swift */ = {isa = PBXFileReference; fileEncoding = 4; lastKnownFileType = sourcecode.swift; path = CredentialsModel.swift; sourceTree = "<group>"; };
		3CFC958F2701CB7500360942 /* loginView.swift */ = {isa = PBXFileReference; fileEncoding = 4; lastKnownFileType = sourcecode.swift; path = loginView.swift; sourceTree = "<group>"; };
		3CFC95902701CB7500360942 /* loginErrorView.swift */ = {isa = PBXFileReference; fileEncoding = 4; lastKnownFileType = sourcecode.swift; path = loginErrorView.swift; sourceTree = "<group>"; };
		3CFC95912701CB7500360942 /* loginViewController.swift */ = {isa = PBXFileReference; fileEncoding = 4; lastKnownFileType = sourcecode.swift; path = loginViewController.swift; sourceTree = "<group>"; };
		3CFC95922701CB7500360942 /* loginPresenter.swift */ = {isa = PBXFileReference; fileEncoding = 4; lastKnownFileType = sourcecode.swift; path = loginPresenter.swift; sourceTree = "<group>"; };
		3CFC95932701CB7500360942 /* loginBuilder.swift */ = {isa = PBXFileReference; fileEncoding = 4; lastKnownFileType = sourcecode.swift; path = loginBuilder.swift; sourceTree = "<group>"; };
/* End PBXFileReference section */

/* Begin PBXFrameworksBuildPhase section */
		3CFC95672701CB4400360942 /* Frameworks */ = {
			isa = PBXFrameworksBuildPhase;
			buildActionMask = 2147483647;
			files = (
			);
			runOnlyForDeploymentPostprocessing = 0;
		};
/* End PBXFrameworksBuildPhase section */

/* Begin PBXGroup section */
		3CFC95612701CB4400360942 = {
			isa = PBXGroup;
			children = (
				3CFC956C2701CB4400360942 /* CleanSwiftLoginPage */,
				3CFC956B2701CB4400360942 /* Products */,
			);
			sourceTree = "<group>";
		};
		3CFC956B2701CB4400360942 /* Products */ = {
			isa = PBXGroup;
			children = (
				3CFC956A2701CB4400360942 /* CleanSwiftLoginPage.app */,
			);
			name = Products;
			sourceTree = "<group>";
		};
		3CFC956C2701CB4400360942 /* CleanSwiftLoginPage */ = {
			isa = PBXGroup;
			children = (
				3CFC956D2701CB4400360942 /* AppDelegate.swift */,
				3CFC95812701CB7500360942 /* Modules */,
				3CFC956F2701CB4400360942 /* SceneDelegate.swift */,
				3CFC95712701CB4400360942 /* ViewController.swift */,
				3CFC95732701CB4400360942 /* Main.storyboard */,
				3CFC95762701CB4500360942 /* Assets.xcassets */,
				3CFC95782701CB4500360942 /* LaunchScreen.storyboard */,
				3CFC957B2701CB4500360942 /* Info.plist */,
			);
			path = CleanSwiftLoginPage;
			sourceTree = "<group>";
		};
		3CFC95812701CB7500360942 /* Modules */ = {
			isa = PBXGroup;
			children = (
				3CFC95822701CB7500360942 /* UniqueIdentifiable.swift */,
				3CFC95832701CB7500360942 /* ModuleBuilder.swift */,
				3CFC95842701CB7500360942 /* login */,
			);
			path = Modules;
			sourceTree = "<group>";
		};
		3CFC95842701CB7500360942 /* login */ = {
			isa = PBXGroup;
			children = (
				3CFC95852701CB7500360942 /* loginInteractor.swift */,
				3CFC95862701CB7500360942 /* Provider */,
				3CFC958A2701CB7500360942 /* loginDataFlow.swift */,
				3CFC958B2701CB7500360942 /* Model */,
				3CFC958E2701CB7500360942 /* View */,
				3CFC95912701CB7500360942 /* loginViewController.swift */,
				3CFC95922701CB7500360942 /* loginPresenter.swift */,
				3CFC95932701CB7500360942 /* loginBuilder.swift */,
			);
			path = login;
			sourceTree = "<group>";
		};
		3CFC95862701CB7500360942 /* Provider */ = {
			isa = PBXGroup;
			children = (
				3CFC95872701CB7500360942 /* loginProvider.swift */,
				3CFC95882701CB7500360942 /* loginService.swift */,
				3CFC95892701CB7500360942 /* loginDataStore.swift */,
			);
			path = Provider;
			sourceTree = "<group>";
		};
		3CFC958B2701CB7500360942 /* Model */ = {
			isa = PBXGroup;
			children = (
				3CFC958C2701CB7500360942 /* loginModel.swift */,
				3CFC958D2701CB7500360942 /* CredentialsModel.swift */,
			);
			path = Model;
			sourceTree = "<group>";
		};
		3CFC958E2701CB7500360942 /* View */ = {
			isa = PBXGroup;
			children = (
				3CFC958F2701CB7500360942 /* loginView.swift */,
				3CFC95902701CB7500360942 /* loginErrorView.swift */,
			);
			path = View;
			sourceTree = "<group>";
		};
/* End PBXGroup section */

/* Begin PBXNativeTarget section */
		3CFC95692701CB4400360942 /* CleanSwiftLoginPage */ = {
			isa = PBXNativeTarget;
			buildConfigurationList = 3CFC957E2701CB4500360942 /* Build configuration list for PBXNativeTarget "CleanSwiftLoginPage" */;
			buildPhases = (
				3CFC95662701CB4400360942 /* Sources */,
				3CFC95672701CB4400360942 /* Frameworks */,
				3CFC95682701CB4400360942 /* Resources */,
			);
			buildRules = (
			);
			dependencies = (
			);
			name = CleanSwiftLoginPage;
			productName = CleanSwiftLoginPage;
			productReference = 3CFC956A2701CB4400360942 /* CleanSwiftLoginPage.app */;
			productType = "com.apple.product-type.application";
		};
/* End PBXNativeTarget section */

/* Begin PBXProject section */
		3CFC95622701CB4400360942 /* Project object */ = {
			isa = PBXProject;
			attributes = {
				BuildIndependentTargetsInParallel = 1;
				LastSwiftUpdateCheck = 1300;
				LastUpgradeCheck = 1300;
				TargetAttributes = {
					3CFC95692701CB4400360942 = {
						CreatedOnToolsVersion = 13.0;
					};
				};
			};
			buildConfigurationList = 3CFC95652701CB4400360942 /* Build configuration list for PBXProject "CleanSwiftLoginPage" */;
			compatibilityVersion = "Xcode 13.0";
			developmentRegion = en;
			hasScannedForEncodings = 0;
			knownRegions = (
				en,
				Base,
			);
			mainGroup = 3CFC95612701CB4400360942;
			productRefGroup = 3CFC956B2701CB4400360942 /* Products */;
			projectDirPath = "";
			projectRoot = "";
			targets = (
				3CFC95692701CB4400360942 /* CleanSwiftLoginPage */,
			);
		};
/* End PBXProject section */

/* Begin PBXResourcesBuildPhase section */
		3CFC95682701CB4400360942 /* Resources */ = {
			isa = PBXResourcesBuildPhase;
			buildActionMask = 2147483647;
			files = (
				3CFC957A2701CB4500360942 /* LaunchScreen.storyboard in Resources */,
				3CFC95772701CB4500360942 /* Assets.xcassets in Resources */,
				3CFC95752701CB4400360942 /* Main.storyboard in Resources */,
			);
			runOnlyForDeploymentPostprocessing = 0;
		};
/* End PBXResourcesBuildPhase section */

/* Begin PBXSourcesBuildPhase section */
		3CFC95662701CB4400360942 /* Sources */ = {
			isa = PBXSourcesBuildPhase;
			buildActionMask = 2147483647;
			files = (
				3CFC95A02701CB7500360942 /* loginPresenter.swift in Sources */,
				3CFC959C2701CB7500360942 /* CredentialsModel.swift in Sources */,
				3CFC95972701CB7500360942 /* loginProvider.swift in Sources */,
				3CFC95722701CB4400360942 /* ViewController.swift in Sources */,
				3CFC956E2701CB4400360942 /* AppDelegate.swift in Sources */,
				3CFC95942701CB7500360942 /* UniqueIdentifiable.swift in Sources */,
				3CFC95A12701CB7500360942 /* loginBuilder.swift in Sources */,
				3CFC95992701CB7500360942 /* loginDataStore.swift in Sources */,
				3CFC959A2701CB7500360942 /* loginDataFlow.swift in Sources */,
				3CFC959E2701CB7500360942 /* loginErrorView.swift in Sources */,
				3CFC95952701CB7500360942 /* ModuleBuilder.swift in Sources */,
				3CFC95962701CB7500360942 /* loginInteractor.swift in Sources */,
				3CFC959B2701CB7500360942 /* loginModel.swift in Sources */,
				3CFC95702701CB4400360942 /* SceneDelegate.swift in Sources */,
				3CFC95982701CB7500360942 /* loginService.swift in Sources */,
				3CFC959D2701CB7500360942 /* loginView.swift in Sources */,
				3CFC959F2701CB7500360942 /* loginViewController.swift in Sources */,
			);
			runOnlyForDeploymentPostprocessing = 0;
		};
/* End PBXSourcesBuildPhase section */

/* Begin PBXVariantGroup section */
		3CFC95732701CB4400360942 /* Main.storyboard */ = {
			isa = PBXVariantGroup;
			children = (
				3CFC95742701CB4400360942 /* Base */,
			);
			name = Main.storyboard;
			sourceTree = "<group>";
		};
		3CFC95782701CB4500360942 /* LaunchScreen.storyboard */ = {
			isa = PBXVariantGroup;
			children = (
				3CFC95792701CB4500360942 /* Base */,
			);
			name = LaunchScreen.storyboard;
			sourceTree = "<group>";
		};
/* End PBXVariantGroup section */

/* Begin XCBuildConfiguration section */
		3CFC957C2701CB4500360942 /* Debug */ = {
			isa = XCBuildConfiguration;
			buildSettings = {
				ALWAYS_SEARCH_USER_PATHS = NO;
				CLANG_ANALYZER_NONNULL = YES;
				CLANG_ANALYZER_NUMBER_OBJECT_CONVERSION = YES_AGGRESSIVE;
				CLANG_CXX_LANGUAGE_STANDARD = "gnu++17";
				CLANG_CXX_LIBRARY = "libc++";
				CLANG_ENABLE_MODULES = YES;
				CLANG_ENABLE_OBJC_ARC = YES;
				CLANG_ENABLE_OBJC_WEAK = YES;
				CLANG_WARN_BLOCK_CAPTURE_AUTORELEASING = YES;
				CLANG_WARN_BOOL_CONVERSION = YES;
				CLANG_WARN_COMMA = YES;
				CLANG_WARN_CONSTANT_CONVERSION = YES;
				CLANG_WARN_DEPRECATED_OBJC_IMPLEMENTATIONS = YES;
				CLANG_WARN_DIRECT_OBJC_ISA_USAGE = YES_ERROR;
				CLANG_WARN_DOCUMENTATION_COMMENTS = YES;
				CLANG_WARN_EMPTY_BODY = YES;
				CLANG_WARN_ENUM_CONVERSION = YES;
				CLANG_WARN_INFINITE_RECURSION = YES;
				CLANG_WARN_INT_CONVERSION = YES;
				CLANG_WARN_NON_LITERAL_NULL_CONVERSION = YES;
				CLANG_WARN_OBJC_IMPLICIT_RETAIN_SELF = YES;
				CLANG_WARN_OBJC_LITERAL_CONVERSION = YES;
				CLANG_WARN_OBJC_ROOT_CLASS = YES_ERROR;
				CLANG_WARN_QUOTED_INCLUDE_IN_FRAMEWORK_HEADER = YES;
				CLANG_WARN_RANGE_LOOP_ANALYSIS = YES;
				CLANG_WARN_STRICT_PROTOTYPES = YES;
				CLANG_WARN_SUSPICIOUS_MOVE = YES;
				CLANG_WARN_UNGUARDED_AVAILABILITY = YES_AGGRESSIVE;
				CLANG_WARN_UNREACHABLE_CODE = YES;
				CLANG_WARN__DUPLICATE_METHOD_MATCH = YES;
				COPY_PHASE_STRIP = NO;
				DEBUG_INFORMATION_FORMAT = dwarf;
				ENABLE_STRICT_OBJC_MSGSEND = YES;
				ENABLE_TESTABILITY = YES;
				GCC_C_LANGUAGE_STANDARD = gnu11;
				GCC_DYNAMIC_NO_PIC = NO;
				GCC_NO_COMMON_BLOCKS = YES;
				GCC_OPTIMIZATION_LEVEL = 0;
				GCC_PREPROCESSOR_DEFINITIONS = (
					"DEBUG=1",
					"$(inherited)",
				);
				GCC_WARN_64_TO_32_BIT_CONVERSION = YES;
				GCC_WARN_ABOUT_RETURN_TYPE = YES_ERROR;
				GCC_WARN_UNDECLARED_SELECTOR = YES;
				GCC_WARN_UNINITIALIZED_AUTOS = YES_AGGRESSIVE;
				GCC_WARN_UNUSED_FUNCTION = YES;
				GCC_WARN_UNUSED_VARIABLE = YES;
				IPHONEOS_DEPLOYMENT_TARGET = 15.0;
				MTL_ENABLE_DEBUG_INFO = INCLUDE_SOURCE;
				MTL_FAST_MATH = YES;
				ONLY_ACTIVE_ARCH = YES;
				SDKROOT = iphoneos;
				SWIFT_ACTIVE_COMPILATION_CONDITIONS = DEBUG;
				SWIFT_OPTIMIZATION_LEVEL = "-Onone";
			};
			name = Debug;
		};
		3CFC957D2701CB4500360942 /* Release */ = {
			isa = XCBuildConfiguration;
			buildSettings = {
				ALWAYS_SEARCH_USER_PATHS = NO;
				CLANG_ANALYZER_NONNULL = YES;
				CLANG_ANALYZER_NUMBER_OBJECT_CONVERSION = YES_AGGRESSIVE;
				CLANG_CXX_LANGUAGE_STANDARD = "gnu++17";
				CLANG_CXX_LIBRARY = "libc++";
				CLANG_ENABLE_MODULES = YES;
				CLANG_ENABLE_OBJC_ARC = YES;
				CLANG_ENABLE_OBJC_WEAK = YES;
				CLANG_WARN_BLOCK_CAPTURE_AUTORELEASING = YES;
				CLANG_WARN_BOOL_CONVERSION = YES;
				CLANG_WARN_COMMA = YES;
				CLANG_WARN_CONSTANT_CONVERSION = YES;
				CLANG_WARN_DEPRECATED_OBJC_IMPLEMENTATIONS = YES;
				CLANG_WARN_DIRECT_OBJC_ISA_USAGE = YES_ERROR;
				CLANG_WARN_DOCUMENTATION_COMMENTS = YES;
				CLANG_WARN_EMPTY_BODY = YES;
				CLANG_WARN_ENUM_CONVERSION = YES;
				CLANG_WARN_INFINITE_RECURSION = YES;
				CLANG_WARN_INT_CONVERSION = YES;
				CLANG_WARN_NON_LITERAL_NULL_CONVERSION = YES;
				CLANG_WARN_OBJC_IMPLICIT_RETAIN_SELF = YES;
				CLANG_WARN_OBJC_LITERAL_CONVERSION = YES;
				CLANG_WARN_OBJC_ROOT_CLASS = YES_ERROR;
				CLANG_WARN_QUOTED_INCLUDE_IN_FRAMEWORK_HEADER = YES;
				CLANG_WARN_RANGE_LOOP_ANALYSIS = YES;
				CLANG_WARN_STRICT_PROTOTYPES = YES;
				CLANG_WARN_SUSPICIOUS_MOVE = YES;
				CLANG_WARN_UNGUARDED_AVAILABILITY = YES_AGGRESSIVE;
				CLANG_WARN_UNREACHABLE_CODE = YES;
				CLANG_WARN__DUPLICATE_METHOD_MATCH = YES;
				COPY_PHASE_STRIP = NO;
				DEBUG_INFORMATION_FORMAT = "dwarf-with-dsym";
				ENABLE_NS_ASSERTIONS = NO;
				ENABLE_STRICT_OBJC_MSGSEND = YES;
				GCC_C_LANGUAGE_STANDARD = gnu11;
				GCC_NO_COMMON_BLOCKS = YES;
				GCC_WARN_64_TO_32_BIT_CONVERSION = YES;
				GCC_WARN_ABOUT_RETURN_TYPE = YES_ERROR;
				GCC_WARN_UNDECLARED_SELECTOR = YES;
				GCC_WARN_UNINITIALIZED_AUTOS = YES_AGGRESSIVE;
				GCC_WARN_UNUSED_FUNCTION = YES;
				GCC_WARN_UNUSED_VARIABLE = YES;
				IPHONEOS_DEPLOYMENT_TARGET = 15.0;
				MTL_ENABLE_DEBUG_INFO = NO;
				MTL_FAST_MATH = YES;
				SDKROOT = iphoneos;
				SWIFT_COMPILATION_MODE = wholemodule;
				SWIFT_OPTIMIZATION_LEVEL = "-O";
				VALIDATE_PRODUCT = YES;
			};
			name = Release;
		};
		3CFC957F2701CB4500360942 /* Debug */ = {
			isa = XCBuildConfiguration;
			buildSettings = {
				ASSETCATALOG_COMPILER_APPICON_NAME = AppIcon;
				ASSETCATALOG_COMPILER_GLOBAL_ACCENT_COLOR_NAME = AccentColor;
				CODE_SIGN_STYLE = Automatic;
				CURRENT_PROJECT_VERSION = 1;
				DEVELOPMENT_TEAM = VG2T28893A;
				GENERATE_INFOPLIST_FILE = YES;
				INFOPLIST_FILE = CleanSwiftLoginPage/Info.plist;
				INFOPLIST_KEY_UIApplicationSupportsIndirectInputEvents = YES;
				INFOPLIST_KEY_UILaunchStoryboardName = LaunchScreen;
				INFOPLIST_KEY_UIMainStoryboardFile = Main;
				INFOPLIST_KEY_UISupportedInterfaceOrientations_iPad = "UIInterfaceOrientationPortrait UIInterfaceOrientationPortraitUpsideDown UIInterfaceOrientationLandscapeLeft UIInterfaceOrientationLandscapeRight";
				INFOPLIST_KEY_UISupportedInterfaceOrientations_iPhone = "UIInterfaceOrientationPortrait UIInterfaceOrientationLandscapeLeft UIInterfaceOrientationLandscapeRight";
				LD_RUNPATH_SEARCH_PATHS = (
					"$(inherited)",
					"@executable_path/Frameworks",
				);
				MARKETING_VERSION = 1.0;
				PRODUCT_BUNDLE_IDENTIFIER = com.denismih.CleanSwiftLoginPage;
				PRODUCT_NAME = "$(TARGET_NAME)";
				SWIFT_EMIT_LOC_STRINGS = YES;
				SWIFT_VERSION = 5.0;
				TARGETED_DEVICE_FAMILY = "1,2";
			};
			name = Debug;
		};
		3CFC95802701CB4500360942 /* Release */ = {
			isa = XCBuildConfiguration;
			buildSettings = {
				ASSETCATALOG_COMPILER_APPICON_NAME = AppIcon;
				ASSETCATALOG_COMPILER_GLOBAL_ACCENT_COLOR_NAME = AccentColor;
				CODE_SIGN_STYLE = Automatic;
				CURRENT_PROJECT_VERSION = 1;
				DEVELOPMENT_TEAM = VG2T28893A;
				GENERATE_INFOPLIST_FILE = YES;
				INFOPLIST_FILE = CleanSwiftLoginPage/Info.plist;
				INFOPLIST_KEY_UIApplicationSupportsIndirectInputEvents = YES;
				INFOPLIST_KEY_UILaunchStoryboardName = LaunchScreen;
				INFOPLIST_KEY_UIMainStoryboardFile = Main;
				INFOPLIST_KEY_UISupportedInterfaceOrientations_iPad = "UIInterfaceOrientationPortrait UIInterfaceOrientationPortraitUpsideDown UIInterfaceOrientationLandscapeLeft UIInterfaceOrientationLandscapeRight";
				INFOPLIST_KEY_UISupportedInterfaceOrientations_iPhone = "UIInterfaceOrientationPortrait UIInterfaceOrientationLandscapeLeft UIInterfaceOrientationLandscapeRight";
				LD_RUNPATH_SEARCH_PATHS = (
					"$(inherited)",
					"@executable_path/Frameworks",
				);
				MARKETING_VERSION = 1.0;
				PRODUCT_BUNDLE_IDENTIFIER = com.denismih.CleanSwiftLoginPage;
				PRODUCT_NAME = "$(TARGET_NAME)";
				SWIFT_EMIT_LOC_STRINGS = YES;
				SWIFT_VERSION = 5.0;
				TARGETED_DEVICE_FAMILY = "1,2";
			};
			name = Release;
		};
/* End XCBuildConfiguration section */

/* Begin XCConfigurationList section */
		3CFC95652701CB4400360942 /* Build configuration list for PBXProject "CleanSwiftLoginPage" */ = {
			isa = XCConfigurationList;
			buildConfigurations = (
				3CFC957C2701CB4500360942 /* Debug */,
				3CFC957D2701CB4500360942 /* Release */,
			);
			defaultConfigurationIsVisible = 0;
			defaultConfigurationName = Release;
		};
		3CFC957E2701CB4500360942 /* Build configuration list for PBXNativeTarget "CleanSwiftLoginPage" */ = {
			isa = XCConfigurationList;
			buildConfigurations = (
				3CFC957F2701CB4500360942 /* Debug */,
				3CFC95802701CB4500360942 /* Release */,
			);
			defaultConfigurationIsVisible = 0;
			defaultConfigurationName = Release;
		};
/* End XCConfigurationList section */
	};
	rootObject = 3CFC95622701CB4400360942 /* Project object */;
}
